
Microsoft Visual Studio Solution File, Format Version 12.00
# Visual Studio Version 17
VisualStudioVersion = 17.6.33829.357
MinimumVisualStudioVersion = 10.0.40219.1
Project("{FAE04EC0-301F-11D3-BF4B-00C04F79EFBC}") = "ApiFundamentals.API", "ApiFundamentals.API\ApiFundamentals.API.csproj", "{3B14CB72-44B7-4A77-AD9F-4F279933D22D}"
EndProject
Global
	GlobalSection(SolutionConfigurationPlatforms) = preSolution
		Debug|Any CPU = Debug|Any CPU
		Release|Any CPU = Release|Any CPU
	EndGlobalSection
	GlobalSection(ProjectConfigurationPlatforms) = postSolution
		{3B14CB72-44B7-4A77-AD9F-4F279933D22D}.Debug|Any CPU.ActiveCfg = Debug|Any CPU
		{3B14CB72-44B7-4A77-AD9F-4F279933D22D}.Debug|Any CPU.Build.0 = Debug|Any CPU
		{3B14CB72-44B7-4A77-AD9F-4F279933D22D}.Release|Any CPU.ActiveCfg = Release|Any CPU
		{3B14CB72-44B7-4A77-AD9F-4F279933D22D}.Release|Any CPU.Build.0 = Release|Any CPU
	EndGlobalSection
	GlobalSection(SolutionProperties) = preSolution
		HideSolutionNode = FALSE
	EndGlobalSection
	GlobalSection(ExtensibilityGlobals) = postSolution
		SolutionGuid = {D8499306-DBF1-43B7-94EF-0E8534354A65}
	EndGlobalSection
EndGlobal
